// !$*UTF8*$!
{
	archiveVersion = 1;
	classes = {
	};
	objectVersion = 55;
	objects = {

/* Begin PBXBuildFile section */
		049774B6274FB80700B3FE15 /* AppDelegate.swift in Sources */ = {isa = PBXBuildFile; fileRef = 049774B5274FB80700B3FE15 /* AppDelegate.swift */; };
		049774B8274FB80700B3FE15 /* SceneDelegate.swift in Sources */ = {isa = PBXBuildFile; fileRef = 049774B7274FB80700B3FE15 /* SceneDelegate.swift */; };
		049774BA274FB80700B3FE15 /* CreateArticleVC.swift in Sources */ = {isa = PBXBuildFile; fileRef = 049774B9274FB80700B3FE15 /* CreateArticleVC.swift */; };
		049774BD274FB80700B3FE15 /* Main.storyboard in Resources */ = {isa = PBXBuildFile; fileRef = 049774BB274FB80700B3FE15 /* Main.storyboard */; };
		049774C0274FB80700B3FE15 /* ArticleProject.xcdatamodeld in Sources */ = {isa = PBXBuildFile; fileRef = 049774BE274FB80700B3FE15 /* ArticleProject.xcdatamodeld */; };
		049774C2274FB80E00B3FE15 /* Assets.xcassets in Resources */ = {isa = PBXBuildFile; fileRef = 049774C1274FB80E00B3FE15 /* Assets.xcassets */; };
		049774C5274FB80E00B3FE15 /* LaunchScreen.storyboard in Resources */ = {isa = PBXBuildFile; fileRef = 049774C3274FB80E00B3FE15 /* LaunchScreen.storyboard */; };
		049774CD27519EEB00B3FE15 /* detaildArticleVC.swift in Sources */ = {isa = PBXBuildFile; fileRef = 049774CC27519EEB00B3FE15 /* detaildArticleVC.swift */; };
		87AA287E274FD994007894FC /* HomeVC.swift in Sources */ = {isa = PBXBuildFile; fileRef = 87AA287D274FD994007894FC /* HomeVC.swift */; };
		87AA2880274FE099007894FC /* HomeTableViewCell.swift in Sources */ = {isa = PBXBuildFile; fileRef = 87AA287F274FE099007894FC /* HomeTableViewCell.swift */; };
/* End PBXBuildFile section */

/* Begin PBXFileReference section */
		049774B2274FB80700B3FE15 /* ArticleProject.app */ = {isa = PBXFileReference; explicitFileType = wrapper.application; includeInIndex = 0; path = ArticleProject.app; sourceTree = BUILT_PRODUCTS_DIR; };
		049774B5274FB80700B3FE15 /* AppDelegate.swift */ = {isa = PBXFileReference; lastKnownFileType = sourcecode.swift; path = AppDelegate.swift; sourceTree = "<group>"; };
		049774B7274FB80700B3FE15 /* SceneDelegate.swift */ = {isa = PBXFileReference; lastKnownFileType = sourcecode.swift; path = SceneDelegate.swift; sourceTree = "<group>"; };
		049774B9274FB80700B3FE15 /* CreateArticleVC.swift */ = {isa = PBXFileReference; lastKnownFileType = sourcecode.swift; path = CreateArticleVC.swift; sourceTree = "<group>"; };
		049774BC274FB80700B3FE15 /* Base */ = {isa = PBXFileReference; lastKnownFileType = file.storyboard; name = Base; path = Base.lproj/Main.storyboard; sourceTree = "<group>"; };
		049774BF274FB80700B3FE15 /* ArticleProject.xcdatamodel */ = {isa = PBXFileReference; lastKnownFileType = wrapper.xcdatamodel; path = ArticleProject.xcdatamodel; sourceTree = "<group>"; };
		049774C1274FB80E00B3FE15 /* Assets.xcassets */ = {isa = PBXFileReference; lastKnownFileType = folder.assetcatalog; path = Assets.xcassets; sourceTree = "<group>"; };
		049774C4274FB80E00B3FE15 /* Base */ = {isa = PBXFileReference; lastKnownFileType = file.storyboard; name = Base; path = Base.lproj/LaunchScreen.storyboard; sourceTree = "<group>"; };
		049774C6274FB80E00B3FE15 /* Info.plist */ = {isa = PBXFileReference; lastKnownFileType = text.plist.xml; path = Info.plist; sourceTree = "<group>"; };
		049774CC27519EEB00B3FE15 /* detaildArticleVC.swift */ = {isa = PBXFileReference; lastKnownFileType = sourcecode.swift; path = detaildArticleVC.swift; sourceTree = "<group>"; };
		87AA287D274FD994007894FC /* HomeVC.swift */ = {isa = PBXFileReference; lastKnownFileType = sourcecode.swift; path = HomeVC.swift; sourceTree = "<group>"; };
		87AA287F274FE099007894FC /* HomeTableViewCell.swift */ = {isa = PBXFileReference; lastKnownFileType = sourcecode.swift; path = HomeTableViewCell.swift; sourceTree = "<group>"; };
/* End PBXFileReference section */

/* Begin PBXFrameworksBuildPhase section */
		049774AF274FB80600B3FE15 /* Frameworks */ = {
			isa = PBXFrameworksBuildPhase;
			buildActionMask = 2147483647;
			files = (
			);
			runOnlyForDeploymentPostprocessing = 0;
		};
/* End PBXFrameworksBuildPhase section */

/* Begin PBXGroup section */
		049774A9274FB80600B3FE15 = {
			isa = PBXGroup;
			children = (
				049774B4274FB80700B3FE15 /* ArticleProject */,
				049774B3274FB80700B3FE15 /* Products */,
			);
			sourceTree = "<group>";
		};
		049774B3274FB80700B3FE15 /* Products */ = {
			isa = PBXGroup;
			children = (
				049774B2274FB80700B3FE15 /* ArticleProject.app */,
			);
			name = Products;
			sourceTree = "<group>";
		};
		049774B4274FB80700B3FE15 /* ArticleProject */ = {
			isa = PBXGroup;
			children = (
				049774B5274FB80700B3FE15 /* AppDelegate.swift */,
				049774B7274FB80700B3FE15 /* SceneDelegate.swift */,
				87AA287F274FE099007894FC /* HomeTableViewCell.swift */,
				87AA287D274FD994007894FC /* HomeVC.swift */,
				049774B9274FB80700B3FE15 /* CreateArticleVC.swift */,
				049774CC27519EEB00B3FE15 /* detaildArticleVC.swift */,
				049774BB274FB80700B3FE15 /* Main.storyboard */,
				049774C1274FB80E00B3FE15 /* Assets.xcassets */,
				049774C3274FB80E00B3FE15 /* LaunchScreen.storyboard */,
				049774C6274FB80E00B3FE15 /* Info.plist */,
				049774BE274FB80700B3FE15 /* ArticleProject.xcdatamodeld */,
			);
			path = ArticleProject;
			sourceTree = "<group>";
		};
/* End PBXGroup section */

/* Begin PBXNativeTarget section */
		049774B1274FB80600B3FE15 /* ArticleProject */ = {
			isa = PBXNativeTarget;
			buildConfigurationList = 049774C9274FB80E00B3FE15 /* Build configuration list for PBXNativeTarget "ArticleProject" */;
			buildPhases = (
				049774AE274FB80600B3FE15 /* Sources */,
				049774AF274FB80600B3FE15 /* Frameworks */,
				049774B0274FB80600B3FE15 /* Resources */,
			);
			buildRules = (
			);
			dependencies = (
			);
			name = ArticleProject;
			productName = ArticleProject;
			productReference = 049774B2274FB80700B3FE15 /* ArticleProject.app */;
			productType = "com.apple.product-type.application";
		};
/* End PBXNativeTarget section */

/* Begin PBXProject section */
		049774AA274FB80600B3FE15 /* Project object */ = {
			isa = PBXProject;
			attributes = {
				BuildIndependentTargetsInParallel = 1;
				LastSwiftUpdateCheck = 1300;
				LastUpgradeCheck = 1300;
				TargetAttributes = {
					049774B1274FB80600B3FE15 = {
						CreatedOnToolsVersion = 13.0;
					};
				};
			};
			buildConfigurationList = 049774AD274FB80600B3FE15 /* Build configuration list for PBXProject "ArticleProject" */;
			compatibilityVersion = "Xcode 13.0";
			developmentRegion = en;
			hasScannedForEncodings = 0;
			knownRegions = (
				en,
				Base,
			);
			mainGroup = 049774A9274FB80600B3FE15;
			productRefGroup = 049774B3274FB80700B3FE15 /* Products */;
			projectDirPath = "";
			projectRoot = "";
			targets = (
				049774B1274FB80600B3FE15 /* ArticleProject */,
			);
		};
/* End PBXProject section */

/* Begin PBXResourcesBuildPhase section */
		049774B0274FB80600B3FE15 /* Resources */ = {
			isa = PBXResourcesBuildPhase;
			buildActionMask = 2147483647;
			files = (
				049774C5274FB80E00B3FE15 /* LaunchScreen.storyboard in Resources */,
				049774C2274FB80E00B3FE15 /* Assets.xcassets in Resources */,
				049774BD274FB80700B3FE15 /* Main.storyboard in Resources */,
			);
			runOnlyForDeploymentPostprocessing = 0;
		};
/* End PBXResourcesBuildPhase section */

/* Begin PBXSourcesBuildPhase section */
		049774AE274FB80600B3FE15 /* Sources */ = {
			isa = PBXSourcesBuildPhase;
			buildActionMask = 2147483647;
			files = (
				87AA2880274FE099007894FC /* HomeTableViewCell.swift in Sources */,
				049774BA274FB80700B3FE15 /* CreateArticleVC.swift in Sources */,
				049774CD27519EEB00B3FE15 /* detaildArticleVC.swift in Sources */,
				87AA287E274FD994007894FC /* HomeVC.swift in Sources */,
				049774B6274FB80700B3FE15 /* AppDelegate.swift in Sources */,
				049774C0274FB80700B3FE15 /* ArticleProject.xcdatamodeld in Sources */,
				049774B8274FB80700B3FE15 /* SceneDelegate.swift in Sources */,
			);
			runOnlyForDeploymentPostprocessing = 0;
		};
/* End PBXSourcesBuildPhase section */

/* Begin PBXVariantGroup section */
		049774BB274FB80700B3FE15 /* Main.storyboard */ = {
			isa = PBXVariantGroup;
			children = (
				049774BC274FB80700B3FE15 /* Base */,
			);
			name = Main.storyboard;
			sourceTree = "<group>";
		};
		049774C3274FB80E00B3FE15 /* LaunchScreen.storyboard */ = {
			isa = PBXVariantGroup;
			children = (
				049774C4274FB80E00B3FE15 /* Base */,
			);
			name = LaunchScreen.storyboard;
			sourceTree = "<group>";
		};
/* End PBXVariantGroup section */

/* Begin XCBuildConfiguration section */
		049774C7274FB80E00B3FE15 /* Debug */ = {
			isa = XCBuildConfiguration;
			buildSettings = {
				ALWAYS_SEARCH_USER_PATHS = NO;
				CLANG_ANALYZER_NONNULL = YES;
				CLANG_ANALYZER_NUMBER_OBJECT_CONVERSION = YES_AGGRESSIVE;
				CLANG_CXX_LANGUAGE_STANDARD = "gnu++17";
				CLANG_CXX_LIBRARY = "libc++";
				CLANG_ENABLE_MODULES = YES;
				CLANG_ENABLE_OBJC_ARC = YES;
				CLANG_ENABLE_OBJC_WEAK = YES;
				CLANG_WARN_BLOCK_CAPTURE_AUTORELEASING = YES;
				CLANG_WARN_BOOL_CONVERSION = YES;
				CLANG_WARN_COMMA = YES;
				CLANG_WARN_CONSTANT_CONVERSION = YES;
				CLANG_WARN_DEPRECATED_OBJC_IMPLEMENTATIONS = YES;
				CLANG_WARN_DIRECT_OBJC_ISA_USAGE = YES_ERROR;
				CLANG_WARN_DOCUMENTATION_COMMENTS = YES;
				CLANG_WARN_EMPTY_BODY = YES;
				CLANG_WARN_ENUM_CONVERSION = YES;
				CLANG_WARN_INFINITE_RECURSION = YES;
				CLANG_WARN_INT_CONVERSION = YES;
				CLANG_WARN_NON_LITERAL_NULL_CONVERSION = YES;
				CLANG_WARN_OBJC_IMPLICIT_RETAIN_SELF = YES;
				CLANG_WARN_OBJC_LITERAL_CONVERSION = YES;
				CLANG_WARN_OBJC_ROOT_CLASS = YES_ERROR;
				CLANG_WARN_QUOTED_INCLUDE_IN_FRAMEWORK_HEADER = YES;
				CLANG_WARN_RANGE_LOOP_ANALYSIS = YES;
				CLANG_WARN_STRICT_PROTOTYPES = YES;
				CLANG_WARN_SUSPICIOUS_MOVE = YES;
				CLANG_WARN_UNGUARDED_AVAILABILITY = YES_AGGRESSIVE;
				CLANG_WARN_UNREACHABLE_CODE = YES;
				CLANG_WARN__DUPLICATE_METHOD_MATCH = YES;
				COPY_PHASE_STRIP = NO;
				DEBUG_INFORMATION_FORMAT = dwarf;
				ENABLE_STRICT_OBJC_MSGSEND = YES;
				ENABLE_TESTABILITY = YES;
				GCC_C_LANGUAGE_STANDARD = gnu11;
				GCC_DYNAMIC_NO_PIC = NO;
				GCC_NO_COMMON_BLOCKS = YES;
				GCC_OPTIMIZATION_LEVEL = 0;
				GCC_PREPROCESSOR_DEFINITIONS = (
					"DEBUG=1",
					"$(inherited)",
				);
				GCC_WARN_64_TO_32_BIT_CONVERSION = YES;
				GCC_WARN_ABOUT_RETURN_TYPE = YES_ERROR;
				GCC_WARN_UNDECLARED_SELECTOR = YES;
				GCC_WARN_UNINITIALIZED_AUTOS = YES_AGGRESSIVE;
				GCC_WARN_UNUSED_FUNCTION = YES;
				GCC_WARN_UNUSED_VARIABLE = YES;
				IPHONEOS_DEPLOYMENT_TARGET = 15.0;
				MTL_ENABLE_DEBUG_INFO = INCLUDE_SOURCE;
				MTL_FAST_MATH = YES;
				ONLY_ACTIVE_ARCH = YES;
				SDKROOT = iphoneos;
				SWIFT_ACTIVE_COMPILATION_CONDITIONS = DEBUG;
				SWIFT_OPTIMIZATION_LEVEL = "-Onone";
			};
			name = Debug;
		};
		049774C8274FB80E00B3FE15 /* Release */ = {
			isa = XCBuildConfiguration;
			buildSettings = {
				ALWAYS_SEARCH_USER_PATHS = NO;
				CLANG_ANALYZER_NONNULL = YES;
				CLANG_ANALYZER_NUMBER_OBJECT_CONVERSION = YES_AGGRESSIVE;
				CLANG_CXX_LANGUAGE_STANDARD = "gnu++17";
				CLANG_CXX_LIBRARY = "libc++";
				CLANG_ENABLE_MODULES = YES;
				CLANG_ENABLE_OBJC_ARC = YES;
				CLANG_ENABLE_OBJC_WEAK = YES;
				CLANG_WARN_BLOCK_CAPTURE_AUTORELEASING = YES;
				CLANG_WARN_BOOL_CONVERSION = YES;
				CLANG_WARN_COMMA = YES;
				CLANG_WARN_CONSTANT_CONVERSION = YES;
				CLANG_WARN_DEPRECATED_OBJC_IMPLEMENTATIONS = YES;
				CLANG_WARN_DIRECT_OBJC_ISA_USAGE = YES_ERROR;
				CLANG_WARN_DOCUMENTATION_COMMENTS = YES;
				CLANG_WARN_EMPTY_BODY = YES;
				CLANG_WARN_ENUM_CONVERSION = YES;
				CLANG_WARN_INFINITE_RECURSION = YES;
				CLANG_WARN_INT_CONVERSION = YES;
				CLANG_WARN_NON_LITERAL_NULL_CONVERSION = YES;
				CLANG_WARN_OBJC_IMPLICIT_RETAIN_SELF = YES;
				CLANG_WARN_OBJC_LITERAL_CONVERSION = YES;
				CLANG_WARN_OBJC_ROOT_CLASS = YES_ERROR;
				CLANG_WARN_QUOTED_INCLUDE_IN_FRAMEWORK_HEADER = YES;
				CLANG_WARN_RANGE_LOOP_ANALYSIS = YES;
				CLANG_WARN_STRICT_PROTOTYPES = YES;
				CLANG_WARN_SUSPICIOUS_MOVE = YES;
				CLANG_WARN_UNGUARDED_AVAILABILITY = YES_AGGRESSIVE;
				CLANG_WARN_UNREACHABLE_CODE = YES;
				CLANG_WARN__DUPLICATE_METHOD_MATCH = YES;
				COPY_PHASE_STRIP = NO;
				DEBUG_INFORMATION_FORMAT = "dwarf-with-dsym";
				ENABLE_NS_ASSERTIONS = NO;
				ENABLE_STRICT_OBJC_MSGSEND = YES;
				GCC_C_LANGUAGE_STANDARD = gnu11;
				GCC_NO_COMMON_BLOCKS = YES;
				GCC_WARN_64_TO_32_BIT_CONVERSION = YES;
				GCC_WARN_ABOUT_RETURN_TYPE = YES_ERROR;
				GCC_WARN_UNDECLARED_SELECTOR = YES;
				GCC_WARN_UNINITIALIZED_AUTOS = YES_AGGRESSIVE;
				GCC_WARN_UNUSED_FUNCTION = YES;
				GCC_WARN_UNUSED_VARIABLE = YES;
				IPHONEOS_DEPLOYMENT_TARGET = 15.0;
				MTL_ENABLE_DEBUG_INFO = NO;
				MTL_FAST_MATH = YES;
				SDKROOT = iphoneos;
				SWIFT_COMPILATION_MODE = wholemodule;
				SWIFT_OPTIMIZATION_LEVEL = "-O";
				VALIDATE_PRODUCT = YES;
			};
			name = Release;
		};
		049774CA274FB80E00B3FE15 /* Debug */ = {
			isa = XCBuildConfiguration;
			buildSettings = {
				ASSETCATALOG_COMPILER_APPICON_NAME = AppIcon;
				ASSETCATALOG_COMPILER_GLOBAL_ACCENT_COLOR_NAME = AccentColor;
				CODE_SIGN_STYLE = Automatic;
				CURRENT_PROJECT_VERSION = 1;
				DEVELOPMENT_TEAM = SLGC8CG59T;
				GENERATE_INFOPLIST_FILE = YES;
				INFOPLIST_FILE = ArticleProject/Info.plist;
				INFOPLIST_KEY_UIApplicationSupportsIndirectInputEvents = YES;
				INFOPLIST_KEY_UILaunchStoryboardName = LaunchScreen;
				INFOPLIST_KEY_UIMainStoryboardFile = Main;
				INFOPLIST_KEY_UISupportedInterfaceOrientations_iPad = "UIInterfaceOrientationPortrait UIInterfaceOrientationPortraitUpsideDown UIInterfaceOrientationLandscapeLeft UIInterfaceOrientationLandscapeRight";
				INFOPLIST_KEY_UISupportedInterfaceOrientations_iPhone = "UIInterfaceOrientationPortrait UIInterfaceOrientationLandscapeLeft UIInterfaceOrientationLandscapeRight";
				LD_RUNPATH_SEARCH_PATHS = (
					"$(inherited)",
					"@executable_path/Frameworks",
				);
				MARKETING_VERSION = 1.0;
				PRODUCT_BUNDLE_IDENTIFIER = none.ArticleProject;
				PRODUCT_NAME = "$(TARGET_NAME)";
				SWIFT_EMIT_LOC_STRINGS = YES;
				SWIFT_VERSION = 5.0;
				TARGETED_DEVICE_FAMILY = "1,2";
			};
			name = Debug;
		};
		049774CB274FB80E00B3FE15 /* Release */ = {
			isa = XCBuildConfiguration;
			buildSettings = {
				ASSETCATALOG_COMPILER_APPICON_NAME = AppIcon;
				ASSETCATALOG_COMPILER_GLOBAL_ACCENT_COLOR_NAME = AccentColor;
				CODE_SIGN_STYLE = Automatic;
				CURRENT_PROJECT_VERSION = 1;
				DEVELOPMENT_TEAM = SLGC8CG59T;
				GENERATE_INFOPLIST_FILE = YES;
				INFOPLIST_FILE = ArticleProject/Info.plist;
				INFOPLIST_KEY_UIApplicationSupportsIndirectInputEvents = YES;
				INFOPLIST_KEY_UILaunchStoryboardName = LaunchScreen;
				INFOPLIST_KEY_UIMainStoryboardFile = Main;
				INFOPLIST_KEY_UISupportedInterfaceOrientations_iPad = "UIInterfaceOrientationPortrait UIInterfaceOrientationPortraitUpsideDown UIInterfaceOrientationLandscapeLeft UIInterfaceOrientationLandscapeRight";
				INFOPLIST_KEY_UISupportedInterfaceOrientations_iPhone = "UIInterfaceOrientationPortrait UIInterfaceOrientationLandscapeLeft UIInterfaceOrientationLandscapeRight";
				LD_RUNPATH_SEARCH_PATHS = (
					"$(inherited)",
					"@executable_path/Frameworks",
				);
				MARKETING_VERSION = 1.0;
				PRODUCT_BUNDLE_IDENTIFIER = none.ArticleProject;
				PRODUCT_NAME = "$(TARGET_NAME)";
				SWIFT_EMIT_LOC_STRINGS = YES;
				SWIFT_VERSION = 5.0;
				TARGETED_DEVICE_FAMILY = "1,2";
			};
			name = Release;
		};
/* End XCBuildConfiguration section */

/* Begin XCConfigurationList section */
		049774AD274FB80600B3FE15 /* Build configuration list for PBXProject "ArticleProject" */ = {
			isa = XCConfigurationList;
			buildConfigurations = (
				049774C7274FB80E00B3FE15 /* Debug */,
				049774C8274FB80E00B3FE15 /* Release */,
			);
			defaultConfigurationIsVisible = 0;
			defaultConfigurationName = Release;
		};
		049774C9274FB80E00B3FE15 /* Build configuration list for PBXNativeTarget "ArticleProject" */ = {
			isa = XCConfigurationList;
			buildConfigurations = (
				049774CA274FB80E00B3FE15 /* Debug */,
				049774CB274FB80E00B3FE15 /* Release */,
			);
			defaultConfigurationIsVisible = 0;
			defaultConfigurationName = Release;
		};
/* End XCConfigurationList section */

/* Begin XCVersionGroup section */
		049774BE274FB80700B3FE15 /* ArticleProject.xcdatamodeld */ = {
			isa = XCVersionGroup;
			children = (
				049774BF274FB80700B3FE15 /* ArticleProject.xcdatamodel */,
			);
			currentVersion = 049774BF274FB80700B3FE15 /* ArticleProject.xcdatamodel */;
			path = ArticleProject.xcdatamodeld;
			sourceTree = "<group>";
			versionGroupType = wrapper.xcdatamodel;
		};
/* End XCVersionGroup section */
	};
	rootObject = 049774AA274FB80600B3FE15 /* Project object */;
}
